
Microsoft Visual Studio Solution File, Format Version 12.00
# Visual Studio Version 17
VisualStudioVersion = 17.14.36105.17
MinimumVisualStudioVersion = 10.0.40219.1
Project("{FAE04EC0-301F-11D3-BF4B-00C04F79EFBC}") = "ifelse oppg1", "ifelse oppg1\ifelse oppg1.csproj", "{B87CEE60-51B7-4336-A762-E88BED2E2B58}"
EndProject
Global
	GlobalSection(SolutionConfigurationPlatforms) = preSolution
		Debug|Any CPU = Debug|Any CPU
		Release|Any CPU = Release|Any CPU
	EndGlobalSection
	GlobalSection(ProjectConfigurationPlatforms) = postSolution
		{B87CEE60-51B7-4336-A762-E88BED2E2B58}.Debug|Any CPU.ActiveCfg = Debug|Any CPU
		{B87CEE60-51B7-4336-A762-E88BED2E2B58}.Debug|Any CPU.Build.0 = Debug|Any CPU
		{B87CEE60-51B7-4336-A762-E88BED2E2B58}.Release|Any CPU.ActiveCfg = Release|Any CPU
		{B87CEE60-51B7-4336-A762-E88BED2E2B58}.Release|Any CPU.Build.0 = Release|Any CPU
	EndGlobalSection
	GlobalSection(SolutionProperties) = preSolution
		HideSolutionNode = FALSE
	EndGlobalSection
	GlobalSection(ExtensibilityGlobals) = postSolution
		SolutionGuid = {5A6E9A40-B01B-4BC5-B1C8-8804A41786D9}
	EndGlobalSection
EndGlobal
